github.com/NormandErwan/Blogpaper v1.0.4 h1:UqbRTuMnFiXxMDphCnV1VD9fA4soK/G1qq7qMYxW1cE=
github.com/NormandErwan/Blogpaper v1.0.4/go.mod h1:YMAogp9A0tmjSCjk8TT0i/o2oct42j5yIC8zHp9hkBY=
github.com/RainerChiang/simpleness v0.0.0-20220413113517-9da74fc7bfb1 h1:fu9ecodJ3hH9H/Vzx2zlIEHh0N/suzCr1m8zxSIuhHg=
github.com/RainerChiang/simpleness v0.0.0-20220413113517-9da74fc7bfb1/go.mod h1:X25+5eNbxGrk0ahZKqzD9IdxKk/z/PSuD1rV3ackp28=
github.com/WingLim/hugo-tania v1.9.3 h1:dmxbWDmQMWw/xUdhV1CYtyxYXSbJpeYgJwojDCxnilY=
github.com/WingLim/hugo-tania v1.9.3/go.mod h1:dlKyBD3QGdzGk50VequqA+PStaePmTPc1qlgZrDZB94=
github.com/adisaktijrs/hexo-theme-minima v0.0.0-20220402134418-2367cae99015 h1:poIdY58aF6VE+d6kzJSNZU0HCrJhdpvb0wBqVBgTrWM=
github.com/adisaktijrs/hexo-theme-minima v0.0.0-20220402134418-2367cae99015/go.mod h1:P/9SKgAO5Prj6tG12A/RvHxaOKaqtJy5JkZkdYNl4b8=
github.com/adityatelange/hugo-PaperMod v0.0.0-20220717061433-87ffee9fcf6d h1:CfPpGC2+e8HQqlEVRtz+4j2+T88k32MHyS+m/1Yy/Oc=
github.com/adityatelange/hugo-PaperMod v0.0.0-20220717061433-87ffee9fcf6d/go.mod h1:HCHxNMKYdGafUYjVV3ICiAqznZK2yH0iI53jqcDFDdQ=
github.com/alxschwarz/simple-a v0.0.0-20191202062540-bb2f8c9172a0 h1:03bA4lNIgVPQYx/LHor/dwfUBONVLWger+Ln1TEC90s=
github.com/alxschwarz/simple-a v0.0.0-20191202062540-bb2f8c9172a0/go.mod h1:4lPdtjg67AWLTCjE9DtJyBvx3nASnTx6poRS2OlAvQA=
github.com/athul/archie v0.0.0-20220625171903-26f57dd1f9f8 h1:hHljUum+VaxJ0lVGp7oNeMugv2MgJlLV61hqLMx20Ps=
github.com/athul/archie v0.0.0-20220625171903-26f57dd1f9f8/go.mod h1:toV1NH0HG3QeUEXX3aXgyCLuSh9JjAdCSge+cKN7LFs=
github.com/chollinger93/ink-free v1.2.1 h1:e9alH1Y5nfyPpyOWVybV+wKWp5061QNAozjxrulMWLY=
github.com/chollinger93/ink-free v1.2.1/go.mod h1:diBe+tAKd0iKdV9QCk8+GRlS7VqfGU9mxgvCk8JFB7A=
github.com/dataCobra/hugo-vitae v0.0.0-20220408161841-c55e264e2962 h1:w8BagV/oMgNnTGtF3g+52orFvbOSwSSRJE3WDPUzwOo=
github.com/dataCobra/hugo-vitae v0.0.0-20220408161841-c55e264e2962/go.mod h1:VYbjakcPdD3+BBj8DrVY+nu+23weJVpu+5sXRahBCqw=
github.com/dplesca/purehugo v0.0.0-20190924072610-5b577adff2e1 h1:aP0iDTPytXiJUNpN5x35YLiKXjaZjMeeRbFcP7EzBr8=
github.com/dplesca/purehugo v0.0.0-20190924072610-5b577adff2e1/go.mod h1:uej5ImEi6IiONmyRW2ylKZm1FjJCZjQfu4pXYBlTsyM=
github.com/dsrkafuu/hugo-theme-fuji v2.8.2+incompatible h1:rU3UqNSrFegnNXT+IKXIz6F1HCwOZEELkW1Kn16MoJQ=
github.com/dsrkafuu/hugo-theme-fuji v2.8.2+incompatible/go.mod h1:rFv9DkbPD9roOuHodFNCAv4c9oXWAhYGtkLUXVle9Bw=
github.com/halogenica/beautifulhugo v0.0.0-20220627021531-1f0e3aa4ef97 h1:Rw7ltoO9zcR2LpEJtz2WChQDehh4yRdWo/XVaQd6h2Q=
github.com/halogenica/beautifulhugo v0.0.0-20220627021531-1f0e3aa4ef97/go.mod h1:ufPkGvDjUx8ELYtHwaxCSuQeDMIrW7wtDzw/Hqoy4CY=
github.com/henryhuang/hexo-theme-aloha v0.1.3 h1:yElLTLHxoESCWOId1LQLisp3j5AYEQDUN8f7RKpMwBY=
github.com/henryhuang/hexo-theme-aloha v0.1.3/go.mod h1:pkPUfgM9Na3n6O2SIR9mZ91CvgK36gAlyiz/utCIqkE=
github.com/iCyris/hugo-theme-yuki v1.1.0 h1:JMkVYq8SeEThklUQrL0tT+3mzFWfk7Of32bo99A0J3c=
github.com/iCyris/hugo-theme-yuki v1.1.0/go.mod h1:o+ogmYKVHxlNh4l6hOnpryUvw7bOD2PdgurSk7cD5w0=
github.com/joway/hugo-theme-yinyang v0.0.0-20220428055119-1c3bec670a42 h1:bmx26KFX6/Qn7hWRiiS/hx+n7OZBpbj1v9vdy54MmXY=
github.com/joway/hugo-theme-yinyang v0.0.0-20220428055119-1c3bec670a42/go.mod h1:yRU0AESVBvYQYNRtMXzNS7TnURXSe7wvJKVAMEkW4ts=
github.com/jpanther/congo v1.6.4 h1:Pf84RN3jXMYVbeZIyPCb5krSDIjvuwbo7sv5fCGwbAE=
github.com/jpanther/congo v1.6.4/go.mod h1:fFwW7KKbofyaZgwLJdh6h1L51UZrSyymQgk31rclcuQ=
github.com/julmot/mark.js v0.0.0-20210820195258-8b57fccf976b/go.mod h1:aAyDyl2EhNPiZbFqqURsAmxYwwTHslrIxZErXMO3pJQ=
github.com/kaushalmodi/hugo-bare-min-theme v0.6.0 h1:A0fF5Es5wg5gygWRuslZCgk+Vsi9HhzeP6k0LzGFFFM=
github.com/kaushalmodi/hugo-bare-min-theme v0.6.0/go.mod h1:F3dhvekisR/Hg6lj/Ha+MBriwKcXGNmef+hzGGE+82E=
github.com/kaushalmodi/hugo-debugprint v0.1.0/go.mod h1:vusrDLlGE+4Uc1b4PgM0dI8lJCEqC1o7NjFr8WIfkaQ=
github.com/kaushalmodi/hugo-search-fuse-js v0.4.1/go.mod h1:Wr6gbPat+KW6wReh/hDBykKIWn296FsEkuhojJvHHxw=
github.com/klugjo/hexo-theme-clean-blog v0.0.0-20210208070115-6273299d8bfa h1:RwmqowqG3LzjVbkfALxDJnS4UWbB0YqyYnPslxB8Fqk=
github.com/klugjo/hexo-theme-clean-blog v0.0.0-20210208070115-6273299d8bfa/go.mod h1:CDKNsokcQgpZcHlgtESPJYcGh40cwv2Z0k6HQR9S6eA=
github.com/knadh/hugo-ink v1.0.0 h1:hckIzk94DSV7ZngT70t+W7nV6ayg56qOK/BQMh0fxXA=
github.com/knadh/hugo-ink v1.0.0/go.mod h1:sUbc+cWg9QmDA9NjJYewZ8ooDE/bgCTgtO81Z+0DbTY=
github.com/knokmki612/hugo-fill-and-stroke v3.2.0+incompatible h1:pzzHZqd704EuFMXvwJ8Nfzu9WheT0Hi2iJgOMFufObo=
github.com/knokmki612/hugo-fill-and-stroke v3.2.0+incompatible/go.mod h1:YS/V/JT9k6MwO6KxNvqzoa/+y+bAGWofkXvCpDFt/QA=
github.com/krisk/Fuse v3.2.1+incompatible/go.mod h1:3moWv8rDjwoKic9nwiPLgZjldkbdTAbtzJHCu/Vsj4A=
github.com/luizdepra/hugo-coder v0.0.0-20220622145056-abc1133c7e07 h1:wxjyDzJBDxj2ArVIHyVjGqUKBlcumRMJbjY0UT0HneU=
github.com/luizdepra/hugo-coder v0.0.0-20220622145056-abc1133c7e07/go.mod h1:9EQBf2rU+NPjlohGuKcEgdqSeOc3tIQoOty4xPpuUQ4=
github.com/mavidser/hugo-rocinante v0.0.0-20220220083550-813830a5d6b6 h1:wG6t9RZSP5FzOqe7+DCE11RuemXKL7FLGJKh4VeVvgg=
github.com/mavidser/hugo-rocinante v0.0.0-20220220083550-813830a5d6b6/go.mod h1:hPbnvscrc026yGGisdsNjI8MpRldjfAICTFoTC62bG4=
github.com/mbrt-yeah/uwe-uwe-hugo v0.0.0-20210813181856-3773b3918cee h1:1G2+ycIYo/XLK8fKroer0at0v+C0AllSsbXD3ah6eGQ=
github.com/mbrt-yeah/uwe-uwe-hugo v0.0.0-20210813181856-3773b3918cee/go.mod h1:r1dWLrFj2Xbasp7Ushs6EEkOBQPf+zKYT/7NHhhI5VE=
github.com/mismith0227/hugo_theme_pickles v0.0.0-20220419130904-7a767c72dd6a h1:Cs5dyrFfyXR4+dnSnFXhLw9otw1Swja75EeRPDFutu0=
github.com/mismith0227/hugo_theme_pickles v0.0.0-20220419130904-7a767c72dd6a/go.mod h1:k/VZhcaWwBpt8bz72apvGYCHHlUT7S5oVLGtvfRYxm0=
github.com/nanxiaobei/hugo-paper v0.0.0-20220720175738-39ba5c268895 h1:ATtsfKMn063nr1HjiqC0VwyPQkbCmM7HH8UK8vuomRs=
github.com/nanxiaobei/hugo-paper v0.0.0-20220720175738-39ba5c268895/go.mod h1:CeRgawh+WFgm29TC2yGTPy9CAWkQaUABYejSFQDmL28=
github.com/nirocfz/arabica v0.0.0-20220406035148-c63700f10450 h1:cxJqJ0b/GE4JCxgr/ZBXU0KpsbAOac+LTHT6WNSfC3U=
github.com/nirocfz/arabica v0.0.0-20220406035148-c63700f10450/go.mod h1:4BsqPfTquYHZYKBeieSe4yVh7UqHTzc2tNNXhqhqgC0=
github.com/nodejh/hugo-theme-mini v0.0.0-20220519021656-a799a6bddef2 h1:FduQZxNgRrWtjNHVIEsOI5j2mK2TJpGmykpQFGWFbOw=
github.com/nodejh/hugo-theme-mini v0.0.0-20220519021656-a799a6bddef2/go.mod h1:+Rl6qKesH3DeBOjXcmPXB1L/LwD3RqXzopTzon/jv5Q=
github.com/ojroques/hugo-researcher v0.0.0-20220414111956-957cc01c28f2 h1:lhdxFVi6Uwp8XTlYTrtUOkRlBJAWgeVZFYjhu3XP1G8=
github.com/ojroques/hugo-researcher v0.0.0-20220414111956-957cc01c28f2/go.mod h1:43it/BQ6c3voq9dVuur8TbyVB6nxU3Dy8IxrQn9JuE0=
github.com/panr/hugo-theme-terminal v0.0.0-20220720060051-161096273113 h1:hDu9n4FYVBpGwhYb8IXYibxY6efmtyErHw8+41a5518=
github.com/panr/hugo-theme-terminal v0.0.0-20220720060051-161096273113/go.mod h1:kiO0NHUXPNrG6BFRlat5jc078p3e1f2sLlpt0a23MEY=
github.com/puresyntax71/hugo-theme-chunky-poster v0.0.7 h1:JAknVIB7LB99oILY9461FjA2GR7fk0v1PJh5ZwWVGfc=
github.com/puresyntax71/hugo-theme-chunky-poster v0.0.7/go.mod h1:qr7FP6b3eZ8m+vbk1558oEsnnd/6aryUylK6gvrvR6s=
github.com/queensferryme/hugo-theme-texify v0.0.0-20220506124212-da434c0e1e31 h1:r1S766uvDWP7qw3d4z23u2jXQZBM74PtNjM/+7yIOYc=
github.com/queensferryme/hugo-theme-texify v0.0.0-20220506124212-da434c0e1e31/go.mod h1:n2KensxBMkG6nwIEjVzStjj+6NoroEb9r0TYMR/FMZo=
github.com/ribice/kiss v2.0.0+incompatible h1:2pU1lKH4YFQNZhri2/21j2ol2/MTFJNpDXaBpIGldfM=
github.com/ribice/kiss v2.0.0+incompatible/go.mod h1:izJajv6b6JYz4W3QGhqNaI9PUEvEw3HKXimiR+LH/Po=
github.com/ronv/lines v0.0.0-20220626182736-876901b3f878 h1:1FcbnxoYwRO+xkqTCe0ey5437gqjYkQPCJGG/AcY0F4=
github.com/ronv/lines v0.0.0-20220626182736-876901b3f878/go.mod h1:KXOwXfqzI/yc0bhl3O/NgYXhbOaw2nXxQuk9jg5uD28=
github.com/ronv/listed v0.0.0-20210918080736-bc251c5683fd h1:6QXGwe08v4822dfM/xzPEzobtfuSjSF6TY8MMXhvkos=
github.com/ronv/listed v0.0.0-20210918080736-bc251c5683fd/go.mod h1:NIi37nYo/ewB8Tfn68ZcCtka8Usn5mWeoQDt2fu3Q5o=
github.com/ronv/minimalist v0.0.0-20220305100829-73cb0c22551d h1:YVwKPRIcFpDW7ffxKDzWnlzIHwRxTqcR/jFQaOcA1F0=
github.com/ronv/minimalist v0.0.0-20220305100829-73cb0c22551d/go.mod h1:Zv3xdYJRJirgKT3dlGMpBcTL0+h4kg9BSIqp/oN7dwQ=
github.com/sblisesivdin/biscuit v0.0.0-20220701164454-1450db9aa4ec h1:B9mZpa1Yu7rCwRYAPEnEXtkxuoP12q16RhvxTK0/8ig=
github.com/sblisesivdin/biscuit v0.0.0-20220701164454-1450db9aa4ec/go.mod h1:1CC60gNl9FOTCTkgUWf9j6G4l247Wd/CzcgHK+jGvaQ=
github.com/schollz/onetwothree v0.0.0-20190916161743-a09e6530494c h1:503PXSWQR7gXGemoNiHnFz76i8pLEgTF0tLDnBIU9DQ=
github.com/schollz/onetwothree v0.0.0-20190916161743-a09e6530494c/go.mod h1:7GFph1UoE8pGK7EBI8rJLnfsBltHgQp0gb8VIBZoTOI=
github.com/spf13/hyde v1.1.0 h1:ZKOakmybNrsaUQCZsf/XwwGIp6NHjUuU3klBgVuoees=
github.com/spf13/hyde v1.1.0/go.mod h1:CSmLWCbXXInaA5zAkwAQ0EbwpR7Pe74eSmDxdGspoCY=
github.com/spookey/slick v0.3.9 h1:ycX+d49wE0UmTeJSHJmw1b3mDoNpVEtnxqBDwY5IxF8=
github.com/spookey/slick v0.3.9/go.mod h1:FjK95yi7ngLzxrAwXyKALJf4hRgJ9fNlk0anzM6gAKE=
github.com/st-wong/hugo-spectre-pixel-theme v0.0.0-20191012073037-219ea80b9785 h1:ab4KBf8ZxB8YQSHxIQALML9jcy7vt8SKkNUFMSrQLNg=
github.com/st-wong/hugo-spectre-pixel-theme v0.0.0-20191012073037-219ea80b9785/go.mod h1:vGgz+OGcEUuPL78XN2uu9AKvmlgt/ES0UbD8aI9+PG0=
github.com/surajmandalcell/potato-dark v0.0.0-20210630132014-3aace71641c9 h1:mczDNoJ0Wcg2BsSVG4FcJ2dnMyCz+sI9tR3VUAtRIMM=
github.com/surajmandalcell/potato-dark v0.0.0-20210630132014-3aace71641c9/go.mod h1:KZGN+mI59tbtv3mICcsHY1URt1pI7puhb5GeSiiNSz0=
github.com/tanksuzuki/angels-ladder v0.0.0-20160510044056-bbe249fcc348 h1:PRdFqoCgn9mSjEkFEkalYKY9p4IR1YnR3xqzDBBBBMA=
github.com/tanksuzuki/angels-ladder v0.0.0-20160510044056-bbe249fcc348/go.mod h1:IwKBLZS7LNTra1NW97PTt+24/AipvBNoCsFbTWcMTlI=
github.com/tomanistor/osprey v2.1.0+incompatible h1:L4tAm9QH+LdDQknahKJ96t/Dboj2IzTjk3nSIQOcyvg=
github.com/tomanistor/osprey v2.1.0+incompatible/go.mod h1:0wxZR3uy7enuPV+TibTaf07TKosmdxa3i58Z+boZ5gk=
github.com/tummychow/lanyon-hugo v0.0.0-20210123043723-cd7b91420a90 h1:QW6FooC3kT/5HR8YTTpC1POGIbYGKufx/KB2Q+zl3w8=
github.com/tummychow/lanyon-hugo v0.0.0-20210123043723-cd7b91420a90/go.mod h1:5h+JaS8feMlSy4S3AawFb/KHhh3/f7KxjlbY/5BRSr0=
github.com/varkai/hugo-theme-zozo v1.0.0 h1:Oh9fJPj8g0Tua4jh4dcvw2hR/Anr0COLTGMAKBgtwl0=
github.com/varkai/hugo-theme-zozo v1.0.0/go.mod h1:dxem5nLGkVN/W69PFzyJkV23m0iYZImIHTQ6tqvyISo=
github.com/vividvilla/ezhil v1.0.0-beta.1 h1:nHlVTWmfkY0PpaRRGQC7YCPBd0GPRcJu7QxzK10EQww=
github.com/vividvilla/ezhil v1.0.0-beta.1/go.mod h1:HahSozJoqVATz2fEfV04eMArKUm/HhjhM/aul6SKTp8=
github.com/zhe/hugo-theme-slim v0.0.0-20190920014445-f666effe196a h1:bXNuJQNpXUz0Vgi1OjTCwbkvAXjQ3S1gYEfl+W6PidM=
github.com/zhe/hugo-theme-slim v0.0.0-20190920014445-f666effe196a/go.mod h1:srqDDUYym3e6mlFIk2sRIQw8Vtz3+9n5DSNm5LlbTFU=
github.com/zwbetz-gh/papercss-hugo-theme v0.0.0-20220108195652-48925ee69fdd h1:EZRjJjoSlKoonBdQl/mIsNeITA3tvIZkUuUE4iDoLxw=
github.com/zwbetz-gh/papercss-hugo-theme v0.0.0-20220108195652-48925ee69fdd/go.mod h1:koNfekMobb/1tkIQghSu03bp09yrHVGGHaeqze/FYBw=
github.com/zzossig/hugo-theme-zzo v0.0.0-20210523142617-01f9e43e59b0 h1:dzCyz1kMiloRMSGX6T1aaWp8+n92SvxPXEIxeY1+w9Y=
github.com/zzossig/hugo-theme-zzo v0.0.0-20210523142617-01f9e43e59b0/go.mod h1:2EWm/W7lxc7FNLLy9XfEuA+ofCPILQzeKFooJdpOCcM=
github.com/zzzmisa/hugo-theme-doors v0.0.0-20220205060644-8786095f6df7 h1:GgejldLBicWzjc4m2QghPAPO+LwMf8uyhJ4g6ojOXXA=
github.com/zzzmisa/hugo-theme-doors v0.0.0-20220205060644-8786095f6df7/go.mod h1:ukolI7OwC09Rz2acx+9z3vGvLF7Gr8UhdZoFxK61rS0=
gitlab.com/asleeppiano/origin-hugo-theme v0.0.0-20200619185300-1d22deb39c54 h1:AurrgRzPpu5JZBNh9WRWoM5r8vu3Ox5JHM2KY6Vgbi0=
gitlab.com/asleeppiano/origin-hugo-theme v0.0.0-20200619185300-1d22deb39c54/go.mod h1:TAEyuEeQP39A7EFE+N7Tx+ZCjtNuBOpsyeNgjgHWiOo=
gitlab.com/ian-s-mcb/smigle-hugo-theme v0.0.0-20210831185208-13c241e8ab83 h1:aL5YRlsKi9HwNGaUlSN+3T+DY2e30d4JF1v1sKA5PE4=
gitlab.com/ian-s-mcb/smigle-hugo-theme v0.0.0-20210831185208-13c241e8ab83/go.mod h1:NTH/777MQHJdou8Yo/baECwBtDwaWPaCWrITwE3816c=
gitlab.com/maxlefou/hugo.386 v0.0.0-20210830074304-59d3e7102dce h1:ei90o9Z5pRti/Nn44rkt79fb93uL4JuI4bbukw2RNGc=
gitlab.com/maxlefou/hugo.386 v0.0.0-20210830074304-59d3e7102dce/go.mod h1:0vS3OrmDkN60zGzNAaEryy3B5B41No+l5lJ0Hm2Cy/w=
